// !$*UTF8*$!
{
	archiveVersion = 1;
	classes = {
	};
	objectVersion = 56;
	objects = {

/* Begin PBXBuildFile section */
		47962AAC2E0815078255DA0B /* Pods_FryftEats.framework in Frameworks */ = {isa = PBXBuildFile; fileRef = 34674ADB67F495EC8A4A1A43 /* Pods_FryftEats.framework */; };
		579430242BDF18E30012DB89 /* MainTabView.swift in Sources */ = {isa = PBXBuildFile; fileRef = 579430232BDF18E30012DB89 /* MainTabView.swift */; };
		579430262BDF19470012DB89 /* Search.swift in Sources */ = {isa = PBXBuildFile; fileRef = 579430252BDF19470012DB89 /* Search.swift */; };
		579430282BDF194F0012DB89 /* Favorites.swift in Sources */ = {isa = PBXBuildFile; fileRef = 579430272BDF194F0012DB89 /* Favorites.swift */; };
		5794302A2BDF195E0012DB89 /* Profile.swift in Sources */ = {isa = PBXBuildFile; fileRef = 579430292BDF195E0012DB89 /* Profile.swift */; };
		5794302C2BDF1E620012DB89 /* ColorExtensions.swift in Sources */ = {isa = PBXBuildFile; fileRef = 5794302B2BDF1E620012DB89 /* ColorExtensions.swift */; };
		5794302E2BE00F6A0012DB89 /* RestaurantCard.swift in Sources */ = {isa = PBXBuildFile; fileRef = 5794302D2BE00F6A0012DB89 /* RestaurantCard.swift */; };
		579430302BE00F750012DB89 /* RestaurantList.swift in Sources */ = {isa = PBXBuildFile; fileRef = 5794302F2BE00F750012DB89 /* RestaurantList.swift */; };
		579430322BE010400012DB89 /* RestaurantViewModel.swift in Sources */ = {isa = PBXBuildFile; fileRef = 579430312BE010400012DB89 /* RestaurantViewModel.swift */; };
		579430342BE040840012DB89 /* Favorite.swift in Sources */ = {isa = PBXBuildFile; fileRef = 579430332BE040840012DB89 /* Favorite.swift */; };
		579430362BE0494C0012DB89 /* RestaurantListViewModel.swift in Sources */ = {isa = PBXBuildFile; fileRef = 579430352BE0494C0012DB89 /* RestaurantListViewModel.swift */; };
		579430382BE053380012DB89 /* StarRating.swift in Sources */ = {isa = PBXBuildFile; fileRef = 579430372BE053380012DB89 /* StarRating.swift */; };
		5794303A2BE0570F0012DB89 /* FavoritesViewModel.swift in Sources */ = {isa = PBXBuildFile; fileRef = 579430392BE0570F0012DB89 /* FavoritesViewModel.swift */; };
		5794303C2BE06BCD0012DB89 /* SearchViewModel.swift in Sources */ = {isa = PBXBuildFile; fileRef = 5794303B2BE06BCD0012DB89 /* SearchViewModel.swift */; };
		5794303E2BE06C050012DB89 /* YelpBusiness.swift in Sources */ = {isa = PBXBuildFile; fileRef = 5794303D2BE06C050012DB89 /* YelpBusiness.swift */; };
		579430402BE089420012DB89 /* RestaurantDetailsViewModel.swift in Sources */ = {isa = PBXBuildFile; fileRef = 5794303F2BE089420012DB89 /* RestaurantDetailsViewModel.swift */; };
		579430422BE0895A0012DB89 /* RestaurantDetails.swift in Sources */ = {isa = PBXBuildFile; fileRef = 579430412BE0895A0012DB89 /* RestaurantDetails.swift */; };
		579430452BE0B3C50012DB89 /* LyftRideButton.swift in Sources */ = {isa = PBXBuildFile; fileRef = 579430442BE0B3C50012DB89 /* LyftRideButton.swift */; };
		57BAD2BF2BE171AA00D9FE69 /* LyftService.swift in Sources */ = {isa = PBXBuildFile; fileRef = 57BAD2BE2BE171AA00D9FE69 /* LyftService.swift */; };
		57BAD2C12BE17EA300D9FE69 /* ShareButton.swift in Sources */ = {isa = PBXBuildFile; fileRef = 57BAD2C02BE17EA300D9FE69 /* ShareButton.swift */; };
		57CD455C2BDEEE8600E01778 /* FryftEatsApp.swift in Sources */ = {isa = PBXBuildFile; fileRef = 57CD455B2BDEEE8600E01778 /* FryftEatsApp.swift */; };
		57CD45602BDEEE8900E01778 /* Assets.xcassets in Resources */ = {isa = PBXBuildFile; fileRef = 57CD455F2BDEEE8900E01778 /* Assets.xcassets */; };
		57CD45632BDEEE8900E01778 /* Preview Assets.xcassets in Resources */ = {isa = PBXBuildFile; fileRef = 57CD45622BDEEE8900E01778 /* Preview Assets.xcassets */; };
		57CD456D2BDEEE8A00E01778 /* FryftEatsTests.swift in Sources */ = {isa = PBXBuildFile; fileRef = 57CD456C2BDEEE8A00E01778 /* FryftEatsTests.swift */; };
		57CD45772BDEEE8A00E01778 /* FryftEatsUITests.swift in Sources */ = {isa = PBXBuildFile; fileRef = 57CD45762BDEEE8A00E01778 /* FryftEatsUITests.swift */; };
		57CD45792BDEEE8A00E01778 /* FryftEatsUITestsLaunchTests.swift in Sources */ = {isa = PBXBuildFile; fileRef = 57CD45782BDEEE8A00E01778 /* FryftEatsUITestsLaunchTests.swift */; };
		57CD458B2BDEF30B00E01778 /* User.swift in Sources */ = {isa = PBXBuildFile; fileRef = 57CD458A2BDEF30B00E01778 /* User.swift */; };
		57CD458D2BDEF3C400E01778 /* Restaurant.swift in Sources */ = {isa = PBXBuildFile; fileRef = 57CD458C2BDEF3C400E01778 /* Restaurant.swift */; };
		57CD45912BDEF3DB00E01778 /* Comment.swift in Sources */ = {isa = PBXBuildFile; fileRef = 57CD45902BDEF3DB00E01778 /* Comment.swift */; };
		57CD45932BDEF3E800E01778 /* Report.swift in Sources */ = {isa = PBXBuildFile; fileRef = 57CD45922BDEF3E800E01778 /* Report.swift */; };
		57CD45982BDEFEC300E01778 /* SessionManager.swift in Sources */ = {isa = PBXBuildFile; fileRef = 57CD45972BDEFEC300E01778 /* SessionManager.swift */; };
		57CD459A2BDEFEE200E01778 /* LoginViewModel.swift in Sources */ = {isa = PBXBuildFile; fileRef = 57CD45992BDEFEE200E01778 /* LoginViewModel.swift */; };
		57CD459E2BDEFF3C00E01778 /* Login.swift in Sources */ = {isa = PBXBuildFile; fileRef = 57CD459D2BDEFF3C00E01778 /* Login.swift */; };
		57CD45A12BDF093900E01778 /* DateExtensions.swift in Sources */ = {isa = PBXBuildFile; fileRef = 57CD45A02BDF093800E01778 /* DateExtensions.swift */; };
		57CD45A32BDF0BEB00E01778 /* SignUpViewModel.swift in Sources */ = {isa = PBXBuildFile; fileRef = 57CD45A22BDF0BEB00E01778 /* SignUpViewModel.swift */; };
		57CD45A52BDF0BF900E01778 /* SignUp.swift in Sources */ = {isa = PBXBuildFile; fileRef = 57CD45A42BDF0BF900E01778 /* SignUp.swift */; };
		75F8558B2A4C18ACAEF6D65B /* Pods_FryftEats_FryftEatsUITests.framework in Frameworks */ = {isa = PBXBuildFile; fileRef = DD302041FAD63D4CEC6EC36E /* Pods_FryftEats_FryftEatsUITests.framework */; };
		8C96D934DE036AECA1148441 /* Pods_FryftEatsTests.framework in Frameworks */ = {isa = PBXBuildFile; fileRef = 040C726350B25C5ECB131454 /* Pods_FryftEatsTests.framework */; };
/* End PBXBuildFile section */

/* Begin PBXContainerItemProxy section */
		57CD45692BDEEE8A00E01778 /* PBXContainerItemProxy */ = {
			isa = PBXContainerItemProxy;
			containerPortal = 57CD45502BDEEE8600E01778 /* Project object */;
			proxyType = 1;
			remoteGlobalIDString = 57CD45572BDEEE8600E01778;
			remoteInfo = FryftEats;
		};
		57CD45732BDEEE8A00E01778 /* PBXContainerItemProxy */ = {
			isa = PBXContainerItemProxy;
			containerPortal = 57CD45502BDEEE8600E01778 /* Project object */;
			proxyType = 1;
			remoteGlobalIDString = 57CD45572BDEEE8600E01778;
			remoteInfo = FryftEats;
		};
/* End PBXContainerItemProxy section */

/* Begin PBXFileReference section */
		040C726350B25C5ECB131454 /* Pods_FryftEatsTests.framework */ = {isa = PBXFileReference; explicitFileType = wrapper.framework; includeInIndex = 0; path = Pods_FryftEatsTests.framework; sourceTree = BUILT_PRODUCTS_DIR; };
		34674ADB67F495EC8A4A1A43 /* Pods_FryftEats.framework */ = {isa = PBXFileReference; explicitFileType = wrapper.framework; includeInIndex = 0; path = Pods_FryftEats.framework; sourceTree = BUILT_PRODUCTS_DIR; };
		3595818B08E5BE754D3E1449 /* Pods-FryftEats.debug.xcconfig */ = {isa = PBXFileReference; includeInIndex = 1; lastKnownFileType = text.xcconfig; name = "Pods-FryftEats.debug.xcconfig"; path = "Target Support Files/Pods-FryftEats/Pods-FryftEats.debug.xcconfig"; sourceTree = "<group>"; };
		3E7B35B737BA249E67BA7926 /* Pods-FryftEatsTests.release.xcconfig */ = {isa = PBXFileReference; includeInIndex = 1; lastKnownFileType = text.xcconfig; name = "Pods-FryftEatsTests.release.xcconfig"; path = "Target Support Files/Pods-FryftEatsTests/Pods-FryftEatsTests.release.xcconfig"; sourceTree = "<group>"; };
		44373AAD5DCD8A87CF66D594 /* Pods-FryftEats-FryftEatsUITests.release.xcconfig */ = {isa = PBXFileReference; includeInIndex = 1; lastKnownFileType = text.xcconfig; name = "Pods-FryftEats-FryftEatsUITests.release.xcconfig"; path = "Target Support Files/Pods-FryftEats-FryftEatsUITests/Pods-FryftEats-FryftEatsUITests.release.xcconfig"; sourceTree = "<group>"; };
		579430232BDF18E30012DB89 /* MainTabView.swift */ = {isa = PBXFileReference; lastKnownFileType = sourcecode.swift; path = MainTabView.swift; sourceTree = "<group>"; };
		579430252BDF19470012DB89 /* Search.swift */ = {isa = PBXFileReference; lastKnownFileType = sourcecode.swift; path = Search.swift; sourceTree = "<group>"; };
		579430272BDF194F0012DB89 /* Favorites.swift */ = {isa = PBXFileReference; lastKnownFileType = sourcecode.swift; path = Favorites.swift; sourceTree = "<group>"; };
		579430292BDF195E0012DB89 /* Profile.swift */ = {isa = PBXFileReference; lastKnownFileType = sourcecode.swift; path = Profile.swift; sourceTree = "<group>"; };
		5794302B2BDF1E620012DB89 /* ColorExtensions.swift */ = {isa = PBXFileReference; lastKnownFileType = sourcecode.swift; path = ColorExtensions.swift; sourceTree = "<group>"; };
		5794302D2BE00F6A0012DB89 /* RestaurantCard.swift */ = {isa = PBXFileReference; lastKnownFileType = sourcecode.swift; path = RestaurantCard.swift; sourceTree = "<group>"; };
		5794302F2BE00F750012DB89 /* RestaurantList.swift */ = {isa = PBXFileReference; lastKnownFileType = sourcecode.swift; path = RestaurantList.swift; sourceTree = "<group>"; };
		579430312BE010400012DB89 /* RestaurantViewModel.swift */ = {isa = PBXFileReference; lastKnownFileType = sourcecode.swift; path = RestaurantViewModel.swift; sourceTree = "<group>"; };
		579430332BE040840012DB89 /* Favorite.swift */ = {isa = PBXFileReference; lastKnownFileType = sourcecode.swift; path = Favorite.swift; sourceTree = "<group>"; };
		579430352BE0494C0012DB89 /* RestaurantListViewModel.swift */ = {isa = PBXFileReference; lastKnownFileType = sourcecode.swift; path = RestaurantListViewModel.swift; sourceTree = "<group>"; };
		579430372BE053380012DB89 /* StarRating.swift */ = {isa = PBXFileReference; lastKnownFileType = sourcecode.swift; path = StarRating.swift; sourceTree = "<group>"; };
		579430392BE0570F0012DB89 /* FavoritesViewModel.swift */ = {isa = PBXFileReference; lastKnownFileType = sourcecode.swift; path = FavoritesViewModel.swift; sourceTree = "<group>"; };
		5794303B2BE06BCD0012DB89 /* SearchViewModel.swift */ = {isa = PBXFileReference; lastKnownFileType = sourcecode.swift; path = SearchViewModel.swift; sourceTree = "<group>"; };
		5794303D2BE06C050012DB89 /* YelpBusiness.swift */ = {isa = PBXFileReference; lastKnownFileType = sourcecode.swift; path = YelpBusiness.swift; sourceTree = "<group>"; };
		5794303F2BE089420012DB89 /* RestaurantDetailsViewModel.swift */ = {isa = PBXFileReference; lastKnownFileType = sourcecode.swift; path = RestaurantDetailsViewModel.swift; sourceTree = "<group>"; };
		579430412BE0895A0012DB89 /* RestaurantDetails.swift */ = {isa = PBXFileReference; lastKnownFileType = sourcecode.swift; path = RestaurantDetails.swift; sourceTree = "<group>"; };
		579430432BE09D4D0012DB89 /* Info.plist */ = {isa = PBXFileReference; lastKnownFileType = text.plist; path = Info.plist; sourceTree = "<group>"; };
		579430442BE0B3C50012DB89 /* LyftRideButton.swift */ = {isa = PBXFileReference; lastKnownFileType = sourcecode.swift; path = LyftRideButton.swift; sourceTree = "<group>"; };
		57BAD2BE2BE171AA00D9FE69 /* LyftService.swift */ = {isa = PBXFileReference; lastKnownFileType = sourcecode.swift; path = LyftService.swift; sourceTree = "<group>"; };
		57BAD2C02BE17EA300D9FE69 /* ShareButton.swift */ = {isa = PBXFileReference; lastKnownFileType = sourcecode.swift; path = ShareButton.swift; sourceTree = "<group>"; };
		57CD45582BDEEE8600E01778 /* FryftEats.app */ = {isa = PBXFileReference; explicitFileType = wrapper.application; includeInIndex = 0; path = FryftEats.app; sourceTree = BUILT_PRODUCTS_DIR; };
		57CD455B2BDEEE8600E01778 /* FryftEatsApp.swift */ = {isa = PBXFileReference; lastKnownFileType = sourcecode.swift; path = FryftEatsApp.swift; sourceTree = "<group>"; };
		57CD455F2BDEEE8900E01778 /* Assets.xcassets */ = {isa = PBXFileReference; lastKnownFileType = folder.assetcatalog; path = Assets.xcassets; sourceTree = "<group>"; };
		57CD45622BDEEE8900E01778 /* Preview Assets.xcassets */ = {isa = PBXFileReference; lastKnownFileType = folder.assetcatalog; path = "Preview Assets.xcassets"; sourceTree = "<group>"; };
		57CD45682BDEEE8A00E01778 /* FryftEatsTests.xctest */ = {isa = PBXFileReference; explicitFileType = wrapper.cfbundle; includeInIndex = 0; path = FryftEatsTests.xctest; sourceTree = BUILT_PRODUCTS_DIR; };
		57CD456C2BDEEE8A00E01778 /* FryftEatsTests.swift */ = {isa = PBXFileReference; lastKnownFileType = sourcecode.swift; path = FryftEatsTests.swift; sourceTree = "<group>"; };
		57CD45722BDEEE8A00E01778 /* FryftEatsUITests.xctest */ = {isa = PBXFileReference; explicitFileType = wrapper.cfbundle; includeInIndex = 0; path = FryftEatsUITests.xctest; sourceTree = BUILT_PRODUCTS_DIR; };
		57CD45762BDEEE8A00E01778 /* FryftEatsUITests.swift */ = {isa = PBXFileReference; lastKnownFileType = sourcecode.swift; path = FryftEatsUITests.swift; sourceTree = "<group>"; };
		57CD45782BDEEE8A00E01778 /* FryftEatsUITestsLaunchTests.swift */ = {isa = PBXFileReference; lastKnownFileType = sourcecode.swift; path = FryftEatsUITestsLaunchTests.swift; sourceTree = "<group>"; };
		57CD458A2BDEF30B00E01778 /* User.swift */ = {isa = PBXFileReference; lastKnownFileType = sourcecode.swift; path = User.swift; sourceTree = "<group>"; };
		57CD458C2BDEF3C400E01778 /* Restaurant.swift */ = {isa = PBXFileReference; lastKnownFileType = sourcecode.swift; path = Restaurant.swift; sourceTree = "<group>"; };
		57CD45902BDEF3DB00E01778 /* Comment.swift */ = {isa = PBXFileReference; lastKnownFileType = sourcecode.swift; path = Comment.swift; sourceTree = "<group>"; };
		57CD45922BDEF3E800E01778 /* Report.swift */ = {isa = PBXFileReference; lastKnownFileType = sourcecode.swift; path = Report.swift; sourceTree = "<group>"; };
		57CD45972BDEFEC300E01778 /* SessionManager.swift */ = {isa = PBXFileReference; lastKnownFileType = sourcecode.swift; path = SessionManager.swift; sourceTree = "<group>"; };
		57CD45992BDEFEE200E01778 /* LoginViewModel.swift */ = {isa = PBXFileReference; lastKnownFileType = sourcecode.swift; path = LoginViewModel.swift; sourceTree = "<group>"; };
		57CD459D2BDEFF3C00E01778 /* Login.swift */ = {isa = PBXFileReference; lastKnownFileType = sourcecode.swift; path = Login.swift; sourceTree = "<group>"; };
		57CD45A02BDF093800E01778 /* DateExtensions.swift */ = {isa = PBXFileReference; lastKnownFileType = sourcecode.swift; path = DateExtensions.swift; sourceTree = "<group>"; };
		57CD45A22BDF0BEB00E01778 /* SignUpViewModel.swift */ = {isa = PBXFileReference; lastKnownFileType = sourcecode.swift; path = SignUpViewModel.swift; sourceTree = "<group>"; };
		57CD45A42BDF0BF900E01778 /* SignUp.swift */ = {isa = PBXFileReference; lastKnownFileType = sourcecode.swift; path = SignUp.swift; sourceTree = "<group>"; };
		B53D681F246F8A1BA7E11E70 /* Pods-FryftEats.release.xcconfig */ = {isa = PBXFileReference; includeInIndex = 1; lastKnownFileType = text.xcconfig; name = "Pods-FryftEats.release.xcconfig"; path = "Target Support Files/Pods-FryftEats/Pods-FryftEats.release.xcconfig"; sourceTree = "<group>"; };
		BF2D9DEBF3843D2EE26F5773 /* Pods-FryftEatsTests.debug.xcconfig */ = {isa = PBXFileReference; includeInIndex = 1; lastKnownFileType = text.xcconfig; name = "Pods-FryftEatsTests.debug.xcconfig"; path = "Target Support Files/Pods-FryftEatsTests/Pods-FryftEatsTests.debug.xcconfig"; sourceTree = "<group>"; };
		D81C0F4DE18F1DC8AC5987DA /* Pods-FryftEats-FryftEatsUITests.debug.xcconfig */ = {isa = PBXFileReference; includeInIndex = 1; lastKnownFileType = text.xcconfig; name = "Pods-FryftEats-FryftEatsUITests.debug.xcconfig"; path = "Target Support Files/Pods-FryftEats-FryftEatsUITests/Pods-FryftEats-FryftEatsUITests.debug.xcconfig"; sourceTree = "<group>"; };
		DD302041FAD63D4CEC6EC36E /* Pods_FryftEats_FryftEatsUITests.framework */ = {isa = PBXFileReference; explicitFileType = wrapper.framework; includeInIndex = 0; path = Pods_FryftEats_FryftEatsUITests.framework; sourceTree = BUILT_PRODUCTS_DIR; };
/* End PBXFileReference section */

/* Begin PBXFrameworksBuildPhase section */
		57CD45552BDEEE8600E01778 /* Frameworks */ = {
			isa = PBXFrameworksBuildPhase;
			buildActionMask = 2147483647;
			files = (
				47962AAC2E0815078255DA0B /* Pods_FryftEats.framework in Frameworks */,
			);
			runOnlyForDeploymentPostprocessing = 0;
		};
		57CD45652BDEEE8A00E01778 /* Frameworks */ = {
			isa = PBXFrameworksBuildPhase;
			buildActionMask = 2147483647;
			files = (
				8C96D934DE036AECA1148441 /* Pods_FryftEatsTests.framework in Frameworks */,
			);
			runOnlyForDeploymentPostprocessing = 0;
		};
		57CD456F2BDEEE8A00E01778 /* Frameworks */ = {
			isa = PBXFrameworksBuildPhase;
			buildActionMask = 2147483647;
			files = (
				75F8558B2A4C18ACAEF6D65B /* Pods_FryftEats_FryftEatsUITests.framework in Frameworks */,
			);
			runOnlyForDeploymentPostprocessing = 0;
		};
/* End PBXFrameworksBuildPhase section */

/* Begin PBXGroup section */
		57CD454F2BDEEE8600E01778 = {
			isa = PBXGroup;
			children = (
				57CD455A2BDEEE8600E01778 /* FryftEats */,
				57CD456B2BDEEE8A00E01778 /* FryftEatsTests */,
				57CD45752BDEEE8A00E01778 /* FryftEatsUITests */,
				57CD45592BDEEE8600E01778 /* Products */,
				61B83F2F45CBFD4CF8088C9A /* Pods */,
				F990C05F7D3F045DF24318F3 /* Frameworks */,
			);
			sourceTree = "<group>";
		};
		57CD45592BDEEE8600E01778 /* Products */ = {
			isa = PBXGroup;
			children = (
				57CD45582BDEEE8600E01778 /* FryftEats.app */,
				57CD45682BDEEE8A00E01778 /* FryftEatsTests.xctest */,
				57CD45722BDEEE8A00E01778 /* FryftEatsUITests.xctest */,
			);
			name = Products;
			sourceTree = "<group>";
		};
		57CD455A2BDEEE8600E01778 /* FryftEats */ = {
			isa = PBXGroup;
			children = (
				579430432BE09D4D0012DB89 /* Info.plist */,
				57CD459F2BDF092B00E01778 /* Util */,
				57CD45962BDEFEB400E01778 /* Services */,
				57CD45872BDEF07D00E01778 /* ViewModel */,
				57CD45862BDEF07600E01778 /* View */,
				57CD45852BDEF07000E01778 /* Model */,
				57CD455B2BDEEE8600E01778 /* FryftEatsApp.swift */,
				57CD455F2BDEEE8900E01778 /* Assets.xcassets */,
				57CD45612BDEEE8900E01778 /* Preview Content */,
			);
			path = FryftEats;
			sourceTree = "<group>";
		};
		57CD45612BDEEE8900E01778 /* Preview Content */ = {
			isa = PBXGroup;
			children = (
				57CD45622BDEEE8900E01778 /* Preview Assets.xcassets */,
			);
			path = "Preview Content";
			sourceTree = "<group>";
		};
		57CD456B2BDEEE8A00E01778 /* FryftEatsTests */ = {
			isa = PBXGroup;
			children = (
				57CD456C2BDEEE8A00E01778 /* FryftEatsTests.swift */,
			);
			path = FryftEatsTests;
			sourceTree = "<group>";
		};
		57CD45752BDEEE8A00E01778 /* FryftEatsUITests */ = {
			isa = PBXGroup;
			children = (
				57CD45762BDEEE8A00E01778 /* FryftEatsUITests.swift */,
				57CD45782BDEEE8A00E01778 /* FryftEatsUITestsLaunchTests.swift */,
			);
			path = FryftEatsUITests;
			sourceTree = "<group>";
		};
		57CD45852BDEF07000E01778 /* Model */ = {
			isa = PBXGroup;
			children = (
				57CD458A2BDEF30B00E01778 /* User.swift */,
				57CD458C2BDEF3C400E01778 /* Restaurant.swift */,
				57CD45902BDEF3DB00E01778 /* Comment.swift */,
				57CD45922BDEF3E800E01778 /* Report.swift */,
				579430332BE040840012DB89 /* Favorite.swift */,
				5794303D2BE06C050012DB89 /* YelpBusiness.swift */,
			);
			path = Model;
			sourceTree = "<group>";
		};
		57CD45862BDEF07600E01778 /* View */ = {
			isa = PBXGroup;
			children = (
				57CD459D2BDEFF3C00E01778 /* Login.swift */,
				57CD45A42BDF0BF900E01778 /* SignUp.swift */,
				579430232BDF18E30012DB89 /* MainTabView.swift */,
				579430252BDF19470012DB89 /* Search.swift */,
				579430272BDF194F0012DB89 /* Favorites.swift */,
				579430292BDF195E0012DB89 /* Profile.swift */,
				5794302D2BE00F6A0012DB89 /* RestaurantCard.swift */,
				5794302F2BE00F750012DB89 /* RestaurantList.swift */,
				579430372BE053380012DB89 /* StarRating.swift */,
				579430412BE0895A0012DB89 /* RestaurantDetails.swift */,
				579430442BE0B3C50012DB89 /* LyftRideButton.swift */,
				57BAD2C02BE17EA300D9FE69 /* ShareButton.swift */,
			);
			path = View;
			sourceTree = "<group>";
		};
		57CD45872BDEF07D00E01778 /* ViewModel */ = {
			isa = PBXGroup;
			children = (
				57CD45992BDEFEE200E01778 /* LoginViewModel.swift */,
				57CD45A22BDF0BEB00E01778 /* SignUpViewModel.swift */,
				579430312BE010400012DB89 /* RestaurantViewModel.swift */,
				579430352BE0494C0012DB89 /* RestaurantListViewModel.swift */,
				579430392BE0570F0012DB89 /* FavoritesViewModel.swift */,
				5794303B2BE06BCD0012DB89 /* SearchViewModel.swift */,
				5794303F2BE089420012DB89 /* RestaurantDetailsViewModel.swift */,
			);
			path = ViewModel;
			sourceTree = "<group>";
		};
		57CD45962BDEFEB400E01778 /* Services */ = {
			isa = PBXGroup;
			children = (
				57CD45972BDEFEC300E01778 /* SessionManager.swift */,
				57BAD2BE2BE171AA00D9FE69 /* LyftService.swift */,
			);
			path = Services;
			sourceTree = "<group>";
		};
		57CD459F2BDF092B00E01778 /* Util */ = {
			isa = PBXGroup;
			children = (
				57CD45A02BDF093800E01778 /* DateExtensions.swift */,
				5794302B2BDF1E620012DB89 /* ColorExtensions.swift */,
			);
			path = Util;
			sourceTree = "<group>";
		};
		61B83F2F45CBFD4CF8088C9A /* Pods */ = {
			isa = PBXGroup;
			children = (
				3595818B08E5BE754D3E1449 /* Pods-FryftEats.debug.xcconfig */,
				B53D681F246F8A1BA7E11E70 /* Pods-FryftEats.release.xcconfig */,
				D81C0F4DE18F1DC8AC5987DA /* Pods-FryftEats-FryftEatsUITests.debug.xcconfig */,
				44373AAD5DCD8A87CF66D594 /* Pods-FryftEats-FryftEatsUITests.release.xcconfig */,
				BF2D9DEBF3843D2EE26F5773 /* Pods-FryftEatsTests.debug.xcconfig */,
				3E7B35B737BA249E67BA7926 /* Pods-FryftEatsTests.release.xcconfig */,
			);
			path = Pods;
			sourceTree = "<group>";
		};
		F990C05F7D3F045DF24318F3 /* Frameworks */ = {
			isa = PBXGroup;
			children = (
				34674ADB67F495EC8A4A1A43 /* Pods_FryftEats.framework */,
				DD302041FAD63D4CEC6EC36E /* Pods_FryftEats_FryftEatsUITests.framework */,
				040C726350B25C5ECB131454 /* Pods_FryftEatsTests.framework */,
			);
			name = Frameworks;
			sourceTree = "<group>";
		};
/* End PBXGroup section */

/* Begin PBXNativeTarget section */
		57CD45572BDEEE8600E01778 /* FryftEats */ = {
			isa = PBXNativeTarget;
			buildConfigurationList = 57CD457C2BDEEE8A00E01778 /* Build configuration list for PBXNativeTarget "FryftEats" */;
			buildPhases = (
				13967AF332D0CA02949680BB /* [CP] Check Pods Manifest.lock */,
				57CD45542BDEEE8600E01778 /* Sources */,
				57CD45552BDEEE8600E01778 /* Frameworks */,
				57CD45562BDEEE8600E01778 /* Resources */,
				0143A3B5D8DCC8C805E5BBB7 /* [CP] Embed Pods Frameworks */,
			);
			buildRules = (
			);
			dependencies = (
			);
			name = FryftEats;
			productName = FryftEats;
			productReference = 57CD45582BDEEE8600E01778 /* FryftEats.app */;
			productType = "com.apple.product-type.application";
		};
		57CD45672BDEEE8A00E01778 /* FryftEatsTests */ = {
			isa = PBXNativeTarget;
			buildConfigurationList = 57CD457F2BDEEE8A00E01778 /* Build configuration list for PBXNativeTarget "FryftEatsTests" */;
			buildPhases = (
				792C80B3BCE879DF3B34BD68 /* [CP] Check Pods Manifest.lock */,
				57CD45642BDEEE8A00E01778 /* Sources */,
				57CD45652BDEEE8A00E01778 /* Frameworks */,
				57CD45662BDEEE8A00E01778 /* Resources */,
			);
			buildRules = (
			);
			dependencies = (
				57CD456A2BDEEE8A00E01778 /* PBXTargetDependency */,
			);
			name = FryftEatsTests;
			productName = FryftEatsTests;
			productReference = 57CD45682BDEEE8A00E01778 /* FryftEatsTests.xctest */;
			productType = "com.apple.product-type.bundle.unit-test";
		};
		57CD45712BDEEE8A00E01778 /* FryftEatsUITests */ = {
			isa = PBXNativeTarget;
			buildConfigurationList = 57CD45822BDEEE8A00E01778 /* Build configuration list for PBXNativeTarget "FryftEatsUITests" */;
			buildPhases = (
				84331057F87388B1274C5269 /* [CP] Check Pods Manifest.lock */,
				57CD456E2BDEEE8A00E01778 /* Sources */,
				57CD456F2BDEEE8A00E01778 /* Frameworks */,
				57CD45702BDEEE8A00E01778 /* Resources */,
				D72AF1C370532354EAB4681F /* [CP] Embed Pods Frameworks */,
			);
			buildRules = (
			);
			dependencies = (
				57CD45742BDEEE8A00E01778 /* PBXTargetDependency */,
			);
			name = FryftEatsUITests;
			productName = FryftEatsUITests;
			productReference = 57CD45722BDEEE8A00E01778 /* FryftEatsUITests.xctest */;
			productType = "com.apple.product-type.bundle.ui-testing";
		};
/* End PBXNativeTarget section */

/* Begin PBXProject section */
		57CD45502BDEEE8600E01778 /* Project object */ = {
			isa = PBXProject;
			attributes = {
				BuildIndependentTargetsInParallel = 1;
				LastSwiftUpdateCheck = 1520;
				LastUpgradeCheck = 1520;
				TargetAttributes = {
					57CD45572BDEEE8600E01778 = {
						CreatedOnToolsVersion = 15.2;
					};
					57CD45672BDEEE8A00E01778 = {
						CreatedOnToolsVersion = 15.2;
						TestTargetID = 57CD45572BDEEE8600E01778;
					};
					57CD45712BDEEE8A00E01778 = {
						CreatedOnToolsVersion = 15.2;
						TestTargetID = 57CD45572BDEEE8600E01778;
					};
				};
			};
			buildConfigurationList = 57CD45532BDEEE8600E01778 /* Build configuration list for PBXProject "FryftEats" */;
			compatibilityVersion = "Xcode 14.0";
			developmentRegion = en;
			hasScannedForEncodings = 0;
			knownRegions = (
				en,
				Base,
			);
			mainGroup = 57CD454F2BDEEE8600E01778;
			productRefGroup = 57CD45592BDEEE8600E01778 /* Products */;
			projectDirPath = "";
			projectRoot = "";
			targets = (
				57CD45572BDEEE8600E01778 /* FryftEats */,
				57CD45672BDEEE8A00E01778 /* FryftEatsTests */,
				57CD45712BDEEE8A00E01778 /* FryftEatsUITests */,
			);
		};
/* End PBXProject section */

/* Begin PBXResourcesBuildPhase section */
		57CD45562BDEEE8600E01778 /* Resources */ = {
			isa = PBXResourcesBuildPhase;
			buildActionMask = 2147483647;
			files = (
				57CD45632BDEEE8900E01778 /* Preview Assets.xcassets in Resources */,
				57CD45602BDEEE8900E01778 /* Assets.xcassets in Resources */,
			);
			runOnlyForDeploymentPostprocessing = 0;
		};
		57CD45662BDEEE8A00E01778 /* Resources */ = {
			isa = PBXResourcesBuildPhase;
			buildActionMask = 2147483647;
			files = (
			);
			runOnlyForDeploymentPostprocessing = 0;
		};
		57CD45702BDEEE8A00E01778 /* Resources */ = {
			isa = PBXResourcesBuildPhase;
			buildActionMask = 2147483647;
			files = (
			);
			runOnlyForDeploymentPostprocessing = 0;
		};
/* End PBXResourcesBuildPhase section */

/* Begin PBXShellScriptBuildPhase section */
		0143A3B5D8DCC8C805E5BBB7 /* [CP] Embed Pods Frameworks */ = {
			isa = PBXShellScriptBuildPhase;
			buildActionMask = 2147483647;
			files = (
			);
			inputFileListPaths = (
				"${PODS_ROOT}/Target Support Files/Pods-FryftEats/Pods-FryftEats-frameworks-${CONFIGURATION}-input-files.xcfilelist",
			);
			name = "[CP] Embed Pods Frameworks";
			outputFileListPaths = (
				"${PODS_ROOT}/Target Support Files/Pods-FryftEats/Pods-FryftEats-frameworks-${CONFIGURATION}-output-files.xcfilelist",
			);
			runOnlyForDeploymentPostprocessing = 0;
			shellPath = /bin/sh;
			shellScript = "\"${PODS_ROOT}/Target Support Files/Pods-FryftEats/Pods-FryftEats-frameworks.sh\"\n";
			showEnvVarsInLog = 0;
		};
		13967AF332D0CA02949680BB /* [CP] Check Pods Manifest.lock */ = {
			isa = PBXShellScriptBuildPhase;
			buildActionMask = 2147483647;
			files = (
			);
			inputFileListPaths = (
			);
			inputPaths = (
				"${PODS_PODFILE_DIR_PATH}/Podfile.lock",
				"${PODS_ROOT}/Manifest.lock",
			);
			name = "[CP] Check Pods Manifest.lock";
			outputFileListPaths = (
			);
			outputPaths = (
				"$(DERIVED_FILE_DIR)/Pods-FryftEats-checkManifestLockResult.txt",
			);
			runOnlyForDeploymentPostprocessing = 0;
			shellPath = /bin/sh;
			shellScript = "diff \"${PODS_PODFILE_DIR_PATH}/Podfile.lock\" \"${PODS_ROOT}/Manifest.lock\" > /dev/null\nif [ $? != 0 ] ; then\n    # print error to STDERR\n    echo \"error: The sandbox is not in sync with the Podfile.lock. Run 'pod install' or update your CocoaPods installation.\" >&2\n    exit 1\nfi\n# This output is used by Xcode 'outputs' to avoid re-running this script phase.\necho \"SUCCESS\" > \"${SCRIPT_OUTPUT_FILE_0}\"\n";
			showEnvVarsInLog = 0;
		};
		792C80B3BCE879DF3B34BD68 /* [CP] Check Pods Manifest.lock */ = {
			isa = PBXShellScriptBuildPhase;
			buildActionMask = 2147483647;
			files = (
			);
			inputFileListPaths = (
			);
			inputPaths = (
				"${PODS_PODFILE_DIR_PATH}/Podfile.lock",
				"${PODS_ROOT}/Manifest.lock",
			);
			name = "[CP] Check Pods Manifest.lock";
			outputFileListPaths = (
			);
			outputPaths = (
				"$(DERIVED_FILE_DIR)/Pods-FryftEatsTests-checkManifestLockResult.txt",
			);
			runOnlyForDeploymentPostprocessing = 0;
			shellPath = /bin/sh;
			shellScript = "diff \"${PODS_PODFILE_DIR_PATH}/Podfile.lock\" \"${PODS_ROOT}/Manifest.lock\" > /dev/null\nif [ $? != 0 ] ; then\n    # print error to STDERR\n    echo \"error: The sandbox is not in sync with the Podfile.lock. Run 'pod install' or update your CocoaPods installation.\" >&2\n    exit 1\nfi\n# This output is used by Xcode 'outputs' to avoid re-running this script phase.\necho \"SUCCESS\" > \"${SCRIPT_OUTPUT_FILE_0}\"\n";
			showEnvVarsInLog = 0;
		};
		84331057F87388B1274C5269 /* [CP] Check Pods Manifest.lock */ = {
			isa = PBXShellScriptBuildPhase;
			buildActionMask = 2147483647;
			files = (
			);
			inputFileListPaths = (
			);
			inputPaths = (
				"${PODS_PODFILE_DIR_PATH}/Podfile.lock",
				"${PODS_ROOT}/Manifest.lock",
			);
			name = "[CP] Check Pods Manifest.lock";
			outputFileListPaths = (
			);
			outputPaths = (
				"$(DERIVED_FILE_DIR)/Pods-FryftEats-FryftEatsUITests-checkManifestLockResult.txt",
			);
			runOnlyForDeploymentPostprocessing = 0;
			shellPath = /bin/sh;
			shellScript = "diff \"${PODS_PODFILE_DIR_PATH}/Podfile.lock\" \"${PODS_ROOT}/Manifest.lock\" > /dev/null\nif [ $? != 0 ] ; then\n    # print error to STDERR\n    echo \"error: The sandbox is not in sync with the Podfile.lock. Run 'pod install' or update your CocoaPods installation.\" >&2\n    exit 1\nfi\n# This output is used by Xcode 'outputs' to avoid re-running this script phase.\necho \"SUCCESS\" > \"${SCRIPT_OUTPUT_FILE_0}\"\n";
			showEnvVarsInLog = 0;
		};
		D72AF1C370532354EAB4681F /* [CP] Embed Pods Frameworks */ = {
			isa = PBXShellScriptBuildPhase;
			buildActionMask = 2147483647;
			files = (
			);
			inputFileListPaths = (
				"${PODS_ROOT}/Target Support Files/Pods-FryftEats-FryftEatsUITests/Pods-FryftEats-FryftEatsUITests-frameworks-${CONFIGURATION}-input-files.xcfilelist",
			);
			name = "[CP] Embed Pods Frameworks";
			outputFileListPaths = (
				"${PODS_ROOT}/Target Support Files/Pods-FryftEats-FryftEatsUITests/Pods-FryftEats-FryftEatsUITests-frameworks-${CONFIGURATION}-output-files.xcfilelist",
			);
			runOnlyForDeploymentPostprocessing = 0;
			shellPath = /bin/sh;
			shellScript = "\"${PODS_ROOT}/Target Support Files/Pods-FryftEats-FryftEatsUITests/Pods-FryftEats-FryftEatsUITests-frameworks.sh\"\n";
			showEnvVarsInLog = 0;
		};
/* End PBXShellScriptBuildPhase section */

/* Begin PBXSourcesBuildPhase section */
		57CD45542BDEEE8600E01778 /* Sources */ = {
			isa = PBXSourcesBuildPhase;
			buildActionMask = 2147483647;
			files = (
				5794302A2BDF195E0012DB89 /* Profile.swift in Sources */,
				57CD458D2BDEF3C400E01778 /* Restaurant.swift in Sources */,
				57CD45A32BDF0BEB00E01778 /* SignUpViewModel.swift in Sources */,
				57CD458B2BDEF30B00E01778 /* User.swift in Sources */,
				57CD45982BDEFEC300E01778 /* SessionManager.swift in Sources */,
				579430422BE0895A0012DB89 /* RestaurantDetails.swift in Sources */,
				579430342BE040840012DB89 /* Favorite.swift in Sources */,
				57CD45A12BDF093900E01778 /* DateExtensions.swift in Sources */,
				579430302BE00F750012DB89 /* RestaurantList.swift in Sources */,
				57BAD2C12BE17EA300D9FE69 /* ShareButton.swift in Sources */,
				579430402BE089420012DB89 /* RestaurantDetailsViewModel.swift in Sources */,
				57BAD2BF2BE171AA00D9FE69 /* LyftService.swift in Sources */,
				579430382BE053380012DB89 /* StarRating.swift in Sources */,
				57CD45A52BDF0BF900E01778 /* SignUp.swift in Sources */,
				57CD45932BDEF3E800E01778 /* Report.swift in Sources */,
				5794302E2BE00F6A0012DB89 /* RestaurantCard.swift in Sources */,
				5794303E2BE06C050012DB89 /* YelpBusiness.swift in Sources */,
				57CD45912BDEF3DB00E01778 /* Comment.swift in Sources */,
				57CD455C2BDEEE8600E01778 /* FryftEatsApp.swift in Sources */,
				579430322BE010400012DB89 /* RestaurantViewModel.swift in Sources */,
				579430242BDF18E30012DB89 /* MainTabView.swift in Sources */,
				579430262BDF19470012DB89 /* Search.swift in Sources */,
				579430362BE0494C0012DB89 /* RestaurantListViewModel.swift in Sources */,
				5794303C2BE06BCD0012DB89 /* SearchViewModel.swift in Sources */,
				579430452BE0B3C50012DB89 /* LyftRideButton.swift in Sources */,
				579430282BDF194F0012DB89 /* Favorites.swift in Sources */,
				57CD459E2BDEFF3C00E01778 /* Login.swift in Sources */,
				5794303A2BE0570F0012DB89 /* FavoritesViewModel.swift in Sources */,
				57CD459A2BDEFEE200E01778 /* LoginViewModel.swift in Sources */,
				5794302C2BDF1E620012DB89 /* ColorExtensions.swift in Sources */,
			);
			runOnlyForDeploymentPostprocessing = 0;
		};
		57CD45642BDEEE8A00E01778 /* Sources */ = {
			isa = PBXSourcesBuildPhase;
			buildActionMask = 2147483647;
			files = (
				57CD456D2BDEEE8A00E01778 /* FryftEatsTests.swift in Sources */,
			);
			runOnlyForDeploymentPostprocessing = 0;
		};
		57CD456E2BDEEE8A00E01778 /* Sources */ = {
			isa = PBXSourcesBuildPhase;
			buildActionMask = 2147483647;
			files = (
				57CD45772BDEEE8A00E01778 /* FryftEatsUITests.swift in Sources */,
				57CD45792BDEEE8A00E01778 /* FryftEatsUITestsLaunchTests.swift in Sources */,
			);
			runOnlyForDeploymentPostprocessing = 0;
		};
/* End PBXSourcesBuildPhase section */

/* Begin PBXTargetDependency section */
		57CD456A2BDEEE8A00E01778 /* PBXTargetDependency */ = {
			isa = PBXTargetDependency;
			target = 57CD45572BDEEE8600E01778 /* FryftEats */;
			targetProxy = 57CD45692BDEEE8A00E01778 /* PBXContainerItemProxy */;
		};
		57CD45742BDEEE8A00E01778 /* PBXTargetDependency */ = {
			isa = PBXTargetDependency;
			target = 57CD45572BDEEE8600E01778 /* FryftEats */;
			targetProxy = 57CD45732BDEEE8A00E01778 /* PBXContainerItemProxy */;
		};
/* End PBXTargetDependency section */

/* Begin XCBuildConfiguration section */
		57CD457A2BDEEE8A00E01778 /* Debug */ = {
			isa = XCBuildConfiguration;
			buildSettings = {
				ALWAYS_SEARCH_USER_PATHS = NO;
				ASSETCATALOG_COMPILER_GENERATE_SWIFT_ASSET_SYMBOL_EXTENSIONS = YES;
				CLANG_ANALYZER_NONNULL = YES;
				CLANG_ANALYZER_NUMBER_OBJECT_CONVERSION = YES_AGGRESSIVE;
				CLANG_CXX_LANGUAGE_STANDARD = "gnu++20";
				CLANG_ENABLE_MODULES = YES;
				CLANG_ENABLE_OBJC_ARC = YES;
				CLANG_ENABLE_OBJC_WEAK = YES;
				CLANG_WARN_BLOCK_CAPTURE_AUTORELEASING = YES;
				CLANG_WARN_BOOL_CONVERSION = YES;
				CLANG_WARN_COMMA = YES;
				CLANG_WARN_CONSTANT_CONVERSION = YES;
				CLANG_WARN_DEPRECATED_OBJC_IMPLEMENTATIONS = YES;
				CLANG_WARN_DIRECT_OBJC_ISA_USAGE = YES_ERROR;
				CLANG_WARN_DOCUMENTATION_COMMENTS = YES;
				CLANG_WARN_EMPTY_BODY = YES;
				CLANG_WARN_ENUM_CONVERSION = YES;
				CLANG_WARN_INFINITE_RECURSION = YES;
				CLANG_WARN_INT_CONVERSION = YES;
				CLANG_WARN_NON_LITERAL_NULL_CONVERSION = YES;
				CLANG_WARN_OBJC_IMPLICIT_RETAIN_SELF = YES;
				CLANG_WARN_OBJC_LITERAL_CONVERSION = YES;
				CLANG_WARN_OBJC_ROOT_CLASS = YES_ERROR;
				CLANG_WARN_QUOTED_INCLUDE_IN_FRAMEWORK_HEADER = YES;
				CLANG_WARN_RANGE_LOOP_ANALYSIS = YES;
				CLANG_WARN_STRICT_PROTOTYPES = YES;
				CLANG_WARN_SUSPICIOUS_MOVE = YES;
				CLANG_WARN_UNGUARDED_AVAILABILITY = YES_AGGRESSIVE;
				CLANG_WARN_UNREACHABLE_CODE = YES;
				CLANG_WARN__DUPLICATE_METHOD_MATCH = YES;
				COPY_PHASE_STRIP = NO;
				DEBUG_INFORMATION_FORMAT = dwarf;
				ENABLE_STRICT_OBJC_MSGSEND = YES;
				ENABLE_TESTABILITY = YES;
				ENABLE_USER_SCRIPT_SANDBOXING = NO;
				GCC_C_LANGUAGE_STANDARD = gnu17;
				GCC_DYNAMIC_NO_PIC = NO;
				GCC_NO_COMMON_BLOCKS = YES;
				GCC_OPTIMIZATION_LEVEL = 0;
				GCC_PREPROCESSOR_DEFINITIONS = (
					"DEBUG=1",
					"$(inherited)",
				);
				GCC_WARN_64_TO_32_BIT_CONVERSION = YES;
				GCC_WARN_ABOUT_RETURN_TYPE = YES_ERROR;
				GCC_WARN_UNDECLARED_SELECTOR = YES;
				GCC_WARN_UNINITIALIZED_AUTOS = YES_AGGRESSIVE;
				GCC_WARN_UNUSED_FUNCTION = YES;
				GCC_WARN_UNUSED_VARIABLE = YES;
				IPHONEOS_DEPLOYMENT_TARGET = 17.2;
				LOCALIZATION_PREFERS_STRING_CATALOGS = YES;
				MTL_ENABLE_DEBUG_INFO = INCLUDE_SOURCE;
				MTL_FAST_MATH = YES;
				ONLY_ACTIVE_ARCH = YES;
				SDKROOT = iphoneos;
				SWIFT_ACTIVE_COMPILATION_CONDITIONS = "DEBUG $(inherited)";
				SWIFT_OPTIMIZATION_LEVEL = "-Onone";
			};
			name = Debug;
		};
		57CD457B2BDEEE8A00E01778 /* Release */ = {
			isa = XCBuildConfiguration;
			buildSettings = {
				ALWAYS_SEARCH_USER_PATHS = NO;
				ASSETCATALOG_COMPILER_GENERATE_SWIFT_ASSET_SYMBOL_EXTENSIONS = YES;
				CLANG_ANALYZER_NONNULL = YES;
				CLANG_ANALYZER_NUMBER_OBJECT_CONVERSION = YES_AGGRESSIVE;
				CLANG_CXX_LANGUAGE_STANDARD = "gnu++20";
				CLANG_ENABLE_MODULES = YES;
				CLANG_ENABLE_OBJC_ARC = YES;
				CLANG_ENABLE_OBJC_WEAK = YES;
				CLANG_WARN_BLOCK_CAPTURE_AUTORELEASING = YES;
				CLANG_WARN_BOOL_CONVERSION = YES;
				CLANG_WARN_COMMA = YES;
				CLANG_WARN_CONSTANT_CONVERSION = YES;
				CLANG_WARN_DEPRECATED_OBJC_IMPLEMENTATIONS = YES;
				CLANG_WARN_DIRECT_OBJC_ISA_USAGE = YES_ERROR;
				CLANG_WARN_DOCUMENTATION_COMMENTS = YES;
				CLANG_WARN_EMPTY_BODY = YES;
				CLANG_WARN_ENUM_CONVERSION = YES;
				CLANG_WARN_INFINITE_RECURSION = YES;
				CLANG_WARN_INT_CONVERSION = YES;
				CLANG_WARN_NON_LITERAL_NULL_CONVERSION = YES;
				CLANG_WARN_OBJC_IMPLICIT_RETAIN_SELF = YES;
				CLANG_WARN_OBJC_LITERAL_CONVERSION = YES;
				CLANG_WARN_OBJC_ROOT_CLASS = YES_ERROR;
				CLANG_WARN_QUOTED_INCLUDE_IN_FRAMEWORK_HEADER = YES;
				CLANG_WARN_RANGE_LOOP_ANALYSIS = YES;
				CLANG_WARN_STRICT_PROTOTYPES = YES;
				CLANG_WARN_SUSPICIOUS_MOVE = YES;
				CLANG_WARN_UNGUARDED_AVAILABILITY = YES_AGGRESSIVE;
				CLANG_WARN_UNREACHABLE_CODE = YES;
				CLANG_WARN__DUPLICATE_METHOD_MATCH = YES;
				COPY_PHASE_STRIP = NO;
				DEBUG_INFORMATION_FORMAT = "dwarf-with-dsym";
				ENABLE_NS_ASSERTIONS = NO;
				ENABLE_STRICT_OBJC_MSGSEND = YES;
				ENABLE_USER_SCRIPT_SANDBOXING = NO;
				GCC_C_LANGUAGE_STANDARD = gnu17;
				GCC_NO_COMMON_BLOCKS = YES;
				GCC_WARN_64_TO_32_BIT_CONVERSION = YES;
				GCC_WARN_ABOUT_RETURN_TYPE = YES_ERROR;
				GCC_WARN_UNDECLARED_SELECTOR = YES;
				GCC_WARN_UNINITIALIZED_AUTOS = YES_AGGRESSIVE;
				GCC_WARN_UNUSED_FUNCTION = YES;
				GCC_WARN_UNUSED_VARIABLE = YES;
				IPHONEOS_DEPLOYMENT_TARGET = 17.2;
				LOCALIZATION_PREFERS_STRING_CATALOGS = YES;
				MTL_ENABLE_DEBUG_INFO = NO;
				MTL_FAST_MATH = YES;
				SDKROOT = iphoneos;
				SWIFT_COMPILATION_MODE = wholemodule;
				VALIDATE_PRODUCT = YES;
			};
			name = Release;
		};
		57CD457D2BDEEE8A00E01778 /* Debug */ = {
			isa = XCBuildConfiguration;
			baseConfigurationReference = 3595818B08E5BE754D3E1449 /* Pods-FryftEats.debug.xcconfig */;
			buildSettings = {
				ASSETCATALOG_COMPILER_APPICON_NAME = AppIcon;
				ASSETCATALOG_COMPILER_GLOBAL_ACCENT_COLOR_NAME = AccentColor;
				CODE_SIGN_STYLE = Automatic;
				CURRENT_PROJECT_VERSION = 1;
				DEVELOPMENT_ASSET_PATHS = "\"FryftEats/Preview Content\"";
				ENABLE_PREVIEWS = YES;
				GENERATE_INFOPLIST_FILE = YES;
				INFOPLIST_FILE = FryftEats/Info.plist;
				INFOPLIST_KEY_CFBundleDisplayName = FryftEats;
				INFOPLIST_KEY_NSLocationWhenInUseUsageDescription = "We need your location to provide location-based services while using the app";
				INFOPLIST_KEY_UIApplicationSceneManifest_Generation = YES;
				INFOPLIST_KEY_UIApplicationSupportsIndirectInputEvents = YES;
				INFOPLIST_KEY_UILaunchScreen_Generation = YES;
				INFOPLIST_KEY_UISupportedInterfaceOrientations = UIInterfaceOrientationPortrait;
				INFOPLIST_KEY_UISupportedInterfaceOrientations_iPad = "UIInterfaceOrientationLandscapeLeft UIInterfaceOrientationLandscapeRight UIInterfaceOrientationPortrait UIInterfaceOrientationPortraitUpsideDown";
				IPHONEOS_DEPLOYMENT_TARGET = 16.0;
				LD_RUNPATH_SEARCH_PATHS = (
					"$(inherited)",
					"@executable_path/Frameworks",
				);
				MARKETING_VERSION = 1.0;
				PRODUCT_BUNDLE_IDENTIFIER = usc.edu.FryftEats;
				PRODUCT_NAME = "$(TARGET_NAME)";
				SWIFT_EMIT_LOC_STRINGS = YES;
				SWIFT_VERSION = 5.0;
				TARGETED_DEVICE_FAMILY = "1,2";
			};
			name = Debug;
		};
		57CD457E2BDEEE8A00E01778 /* Release */ = {
			isa = XCBuildConfiguration;
			baseConfigurationReference = B53D681F246F8A1BA7E11E70 /* Pods-FryftEats.release.xcconfig */;
			buildSettings = {
				ASSETCATALOG_COMPILER_APPICON_NAME = AppIcon;
				ASSETCATALOG_COMPILER_GLOBAL_ACCENT_COLOR_NAME = AccentColor;
				CODE_SIGN_STYLE = Automatic;
				CURRENT_PROJECT_VERSION = 1;
				DEVELOPMENT_ASSET_PATHS = "\"FryftEats/Preview Content\"";
				ENABLE_PREVIEWS = YES;
				GENERATE_INFOPLIST_FILE = YES;
				INFOPLIST_FILE = FryftEats/Info.plist;
				INFOPLIST_KEY_CFBundleDisplayName = FryftEats;
				INFOPLIST_KEY_NSLocationWhenInUseUsageDescription = "We need your location to provide location-based services while using the app";
				INFOPLIST_KEY_UIApplicationSceneManifest_Generation = YES;
				INFOPLIST_KEY_UIApplicationSupportsIndirectInputEvents = YES;
				INFOPLIST_KEY_UILaunchScreen_Generation = YES;
				INFOPLIST_KEY_UISupportedInterfaceOrientations = UIInterfaceOrientationPortrait;
				INFOPLIST_KEY_UISupportedInterfaceOrientations_iPad = "UIInterfaceOrientationLandscapeLeft UIInterfaceOrientationLandscapeRight UIInterfaceOrientationPortrait UIInterfaceOrientationPortraitUpsideDown";
				IPHONEOS_DEPLOYMENT_TARGET = 16.0;
				LD_RUNPATH_SEARCH_PATHS = (
					"$(inherited)",
					"@executable_path/Frameworks",
				);
				MARKETING_VERSION = 1.0;
				PRODUCT_BUNDLE_IDENTIFIER = usc.edu.FryftEats;
				PRODUCT_NAME = "$(TARGET_NAME)";
				SWIFT_EMIT_LOC_STRINGS = YES;
				SWIFT_VERSION = 5.0;
				TARGETED_DEVICE_FAMILY = "1,2";
			};
			name = Release;
		};
		57CD45802BDEEE8A00E01778 /* Debug */ = {
			isa = XCBuildConfiguration;
			baseConfigurationReference = BF2D9DEBF3843D2EE26F5773 /* Pods-FryftEatsTests.debug.xcconfig */;
			buildSettings = {
				ALWAYS_EMBED_SWIFT_STANDARD_LIBRARIES = YES;
				BUNDLE_LOADER = "$(TEST_HOST)";
				CODE_SIGN_STYLE = Automatic;
				CURRENT_PROJECT_VERSION = 1;
				GENERATE_INFOPLIST_FILE = YES;
				IPHONEOS_DEPLOYMENT_TARGET = 17.2;
				MARKETING_VERSION = 1.0;
				PRODUCT_BUNDLE_IDENTIFIER = usc.edu.FryftEatsTests;
				PRODUCT_NAME = "$(TARGET_NAME)";
				SWIFT_EMIT_LOC_STRINGS = NO;
				SWIFT_VERSION = 5.0;
				TARGETED_DEVICE_FAMILY = "1,2";
				TEST_HOST = "$(BUILT_PRODUCTS_DIR)/FryftEats.app/$(BUNDLE_EXECUTABLE_FOLDER_PATH)/FryftEats";
			};
			name = Debug;
		};
		57CD45812BDEEE8A00E01778 /* Release */ = {
			isa = XCBuildConfiguration;
			baseConfigurationReference = 3E7B35B737BA249E67BA7926 /* Pods-FryftEatsTests.release.xcconfig */;
			buildSettings = {
				ALWAYS_EMBED_SWIFT_STANDARD_LIBRARIES = YES;
				BUNDLE_LOADER = "$(TEST_HOST)";
				CODE_SIGN_STYLE = Automatic;
				CURRENT_PROJECT_VERSION = 1;
				GENERATE_INFOPLIST_FILE = YES;
				IPHONEOS_DEPLOYMENT_TARGET = 17.2;
				MARKETING_VERSION = 1.0;
				PRODUCT_BUNDLE_IDENTIFIER = usc.edu.FryftEatsTests;
				PRODUCT_NAME = "$(TARGET_NAME)";
				SWIFT_EMIT_LOC_STRINGS = NO;
				SWIFT_VERSION = 5.0;
				TARGETED_DEVICE_FAMILY = "1,2";
				TEST_HOST = "$(BUILT_PRODUCTS_DIR)/FryftEats.app/$(BUNDLE_EXECUTABLE_FOLDER_PATH)/FryftEats";
			};
			name = Release;
		};
		57CD45832BDEEE8A00E01778 /* Debug */ = {
			isa = XCBuildConfiguration;
			baseConfigurationReference = D81C0F4DE18F1DC8AC5987DA /* Pods-FryftEats-FryftEatsUITests.debug.xcconfig */;
			buildSettings = {
				ALWAYS_EMBED_SWIFT_STANDARD_LIBRARIES = YES;
				CODE_SIGN_STYLE = Automatic;
				CURRENT_PROJECT_VERSION = 1;
				GENERATE_INFOPLIST_FILE = YES;
				MARKETING_VERSION = 1.0;
				PRODUCT_BUNDLE_IDENTIFIER = usc.edu.FryftEatsUITests;
				PRODUCT_NAME = "$(TARGET_NAME)";
				SWIFT_EMIT_LOC_STRINGS = NO;
				SWIFT_VERSION = 5.0;
				TARGETED_DEVICE_FAMILY = "1,2";
				TEST_TARGET_NAME = FryftEats;
			};
			name = Debug;
		};
		57CD45842BDEEE8A00E01778 /* Release */ = {
			isa = XCBuildConfiguration;
			baseConfigurationReference = 44373AAD5DCD8A87CF66D594 /* Pods-FryftEats-FryftEatsUITests.release.xcconfig */;
			buildSettings = {
				ALWAYS_EMBED_SWIFT_STANDARD_LIBRARIES = YES;
				CODE_SIGN_STYLE = Automatic;
				CURRENT_PROJECT_VERSION = 1;
				GENERATE_INFOPLIST_FILE = YES;
				MARKETING_VERSION = 1.0;
				PRODUCT_BUNDLE_IDENTIFIER = usc.edu.FryftEatsUITests;
				PRODUCT_NAME = "$(TARGET_NAME)";
				SWIFT_EMIT_LOC_STRINGS = NO;
				SWIFT_VERSION = 5.0;
				TARGETED_DEVICE_FAMILY = "1,2";
				TEST_TARGET_NAME = FryftEats;
			};
			name = Release;
		};
/* End XCBuildConfiguration section */

/* Begin XCConfigurationList section */
		57CD45532BDEEE8600E01778 /* Build configuration list for PBXProject "FryftEats" */ = {
			isa = XCConfigurationList;
			buildConfigurations = (
				57CD457A2BDEEE8A00E01778 /* Debug */,
				57CD457B2BDEEE8A00E01778 /* Release */,
			);
			defaultConfigurationIsVisible = 0;
			defaultConfigurationName = Release;
		};
		57CD457C2BDEEE8A00E01778 /* Build configuration list for PBXNativeTarget "FryftEats" */ = {
			isa = XCConfigurationList;
			buildConfigurations = (
				57CD457D2BDEEE8A00E01778 /* Debug */,
				57CD457E2BDEEE8A00E01778 /* Release */,
			);
			defaultConfigurationIsVisible = 0;
			defaultConfigurationName = Release;
		};
		57CD457F2BDEEE8A00E01778 /* Build configuration list for PBXNativeTarget "FryftEatsTests" */ = {
			isa = XCConfigurationList;
			buildConfigurations = (
				57CD45802BDEEE8A00E01778 /* Debug */,
				57CD45812BDEEE8A00E01778 /* Release */,
			);
			defaultConfigurationIsVisible = 0;
			defaultConfigurationName = Release;
		};
		57CD45822BDEEE8A00E01778 /* Build configuration list for PBXNativeTarget "FryftEatsUITests" */ = {
			isa = XCConfigurationList;
			buildConfigurations = (
				57CD45832BDEEE8A00E01778 /* Debug */,
				57CD45842BDEEE8A00E01778 /* Release */,
			);
			defaultConfigurationIsVisible = 0;
			defaultConfigurationName = Release;
		};
/* End XCConfigurationList section */
	};
	rootObject = 57CD45502BDEEE8600E01778 /* Project object */;
}
